
Microsoft Visual Studio Solution File, Format Version 12.00
# Visual Studio Version 16
VisualStudioVersion = 16.0.31205.134
MinimumVisualStudioVersion = 10.0.40219.1
Project("{2150E333-8FDC-42A3-9474-1A3956D46DE8}") = "src", "src", "{8F932826-2642-4059-B00B-1A71DCA3D248}"
EndProject
Project("{2150E333-8FDC-42A3-9474-1A3956D46DE8}") = "01-App", "01-App", "{0989EE26-91F5-4626-A9F0-43BE48323941}"
EndProject
Project("{2150E333-8FDC-42A3-9474-1A3956D46DE8}") = "02-Application", "02-Application", "{1A7FB511-D2E2-4448-B9B6-562240C92225}"
EndProject
Project("{2150E333-8FDC-42A3-9474-1A3956D46DE8}") = "03-Services", "03-Services", "{8B2E5C00-D330-4465-A0F0-6E4E235022E3}"
EndProject
Project("{2150E333-8FDC-42A3-9474-1A3956D46DE8}") = "04-Domain", "04-Domain", "{7E7C62A5-1117-45D8-BD4C-0EE5EED2E46D}"
EndProject
Project("{2150E333-8FDC-42A3-9474-1A3956D46DE8}") = "05-Infra", "05-Infra", "{C8AF0AA8-357A-41BF-8779-296C21BFDA82}"
EndProject
Project("{9A19103F-16F7-4668-BE54-9A1E7A4F7556}") = "Comercio.MVC", "Comercio.MVC.csproj", "{CC5A5264-2FB5-4154-ACCD-D650A86FE68F}"
EndProject
Project("{9A19103F-16F7-4668-BE54-9A1E7A4F7556}") = "Comercio.MVC.Infra", "..\Comercio.MVC.Infra\Comercio.MVC.Infra.csproj", "{15EECA0F-98CC-48CC-9391-5AF788CF3625}"
EndProject
Project("{9A19103F-16F7-4668-BE54-9A1E7A4F7556}") = "Comercio.MVC.Domain", "..\Comercio.MVC.Domain\Comercio.MVC.Domain.csproj", "{03B78E69-1F39-4CD0-A109-9E2C36D03CC7}"
EndProject
Project("{9A19103F-16F7-4668-BE54-9A1E7A4F7556}") = "Comercio.MVC.Application", "..\Comercio.MVC.Application\Comercio.MVC.Application.csproj", "{129E6309-0084-4F9A-9A9E-3D50BA920AD3}"
EndProject
Project("{9A19103F-16F7-4668-BE54-9A1E7A4F7556}") = "Comercio.MVC.Services", "..\Comercio.MVC.Services\Comercio.MVC.Services.csproj", "{91BFC808-69BE-4082-B233-9F7C370FF096}"
EndProject
Project("{2150E333-8FDC-42A3-9474-1A3956D46DE8}") = "06-Interop", "06-Interop", "{54A34494-F897-4A48-9D41-FEACB5D17C7A}"
EndProject
Project("{9A19103F-16F7-4668-BE54-9A1E7A4F7556}") = "Comercio.MVC.Interop", "..\Comercio.MVC.Interop\Comercio.MVC.Interop.csproj", "{21F5D3E1-50EA-4482-9FC4-50130FA0C70B}"
EndProject
Project("{2150E333-8FDC-42A3-9474-1A3956D46DE8}") = "Tests", "Tests", "{520FF5F1-4D64-490F-81F2-A5325A6B7895}"
EndProject
Project("{FAE04EC0-301F-11D3-BF4B-00C04F79EFBC}") = "Test.Comercio.MVC", "..\Test.Comercio.MVC\Test.Comercio.MVC.csproj", "{E60873D8-9899-4F92-B9F3-E6ABD2DEC06C}"
EndProject
Global
	GlobalSection(SolutionConfigurationPlatforms) = preSolution
		Debug|Any CPU = Debug|Any CPU
		Release|Any CPU = Release|Any CPU
	EndGlobalSection
	GlobalSection(ProjectConfigurationPlatforms) = postSolution
		{CC5A5264-2FB5-4154-ACCD-D650A86FE68F}.Debug|Any CPU.ActiveCfg = Debug|Any CPU
		{CC5A5264-2FB5-4154-ACCD-D650A86FE68F}.Debug|Any CPU.Build.0 = Debug|Any CPU
		{CC5A5264-2FB5-4154-ACCD-D650A86FE68F}.Release|Any CPU.ActiveCfg = Release|Any CPU
		{CC5A5264-2FB5-4154-ACCD-D650A86FE68F}.Release|Any CPU.Build.0 = Release|Any CPU
		{15EECA0F-98CC-48CC-9391-5AF788CF3625}.Debug|Any CPU.ActiveCfg = Debug|Any CPU
		{15EECA0F-98CC-48CC-9391-5AF788CF3625}.Debug|Any CPU.Build.0 = Debug|Any CPU
		{15EECA0F-98CC-48CC-9391-5AF788CF3625}.Release|Any CPU.ActiveCfg = Release|Any CPU
		{15EECA0F-98CC-48CC-9391-5AF788CF3625}.Release|Any CPU.Build.0 = Release|Any CPU
		{03B78E69-1F39-4CD0-A109-9E2C36D03CC7}.Debug|Any CPU.ActiveCfg = Debug|Any CPU
		{03B78E69-1F39-4CD0-A109-9E2C36D03CC7}.Debug|Any CPU.Build.0 = Debug|Any CPU
		{03B78E69-1F39-4CD0-A109-9E2C36D03CC7}.Release|Any CPU.ActiveCfg = Release|Any CPU
		{03B78E69-1F39-4CD0-A109-9E2C36D03CC7}.Release|Any CPU.Build.0 = Release|Any CPU
		{129E6309-0084-4F9A-9A9E-3D50BA920AD3}.Debug|Any CPU.ActiveCfg = Debug|Any CPU
		{129E6309-0084-4F9A-9A9E-3D50BA920AD3}.Debug|Any CPU.Build.0 = Debug|Any CPU
		{129E6309-0084-4F9A-9A9E-3D50BA920AD3}.Release|Any CPU.ActiveCfg = Release|Any CPU
		{129E6309-0084-4F9A-9A9E-3D50BA920AD3}.Release|Any CPU.Build.0 = Release|Any CPU
		{91BFC808-69BE-4082-B233-9F7C370FF096}.Debug|Any CPU.ActiveCfg = Debug|Any CPU
		{91BFC808-69BE-4082-B233-9F7C370FF096}.Debug|Any CPU.Build.0 = Debug|Any CPU
		{91BFC808-69BE-4082-B233-9F7C370FF096}.Release|Any CPU.ActiveCfg = Release|Any CPU
		{91BFC808-69BE-4082-B233-9F7C370FF096}.Release|Any CPU.Build.0 = Release|Any CPU
		{21F5D3E1-50EA-4482-9FC4-50130FA0C70B}.Debug|Any CPU.ActiveCfg = Debug|Any CPU
		{21F5D3E1-50EA-4482-9FC4-50130FA0C70B}.Debug|Any CPU.Build.0 = Debug|Any CPU
		{21F5D3E1-50EA-4482-9FC4-50130FA0C70B}.Release|Any CPU.ActiveCfg = Release|Any CPU
		{21F5D3E1-50EA-4482-9FC4-50130FA0C70B}.Release|Any CPU.Build.0 = Release|Any CPU
		{E60873D8-9899-4F92-B9F3-E6ABD2DEC06C}.Debug|Any CPU.ActiveCfg = Debug|Any CPU
		{E60873D8-9899-4F92-B9F3-E6ABD2DEC06C}.Debug|Any CPU.Build.0 = Debug|Any CPU
		{E60873D8-9899-4F92-B9F3-E6ABD2DEC06C}.Release|Any CPU.ActiveCfg = Release|Any CPU
		{E60873D8-9899-4F92-B9F3-E6ABD2DEC06C}.Release|Any CPU.Build.0 = Release|Any CPU
	EndGlobalSection
	GlobalSection(SolutionProperties) = preSolution
		HideSolutionNode = FALSE
	EndGlobalSection
	GlobalSection(NestedProjects) = preSolution
		{0989EE26-91F5-4626-A9F0-43BE48323941} = {8F932826-2642-4059-B00B-1A71DCA3D248}
		{1A7FB511-D2E2-4448-B9B6-562240C92225} = {8F932826-2642-4059-B00B-1A71DCA3D248}
		{8B2E5C00-D330-4465-A0F0-6E4E235022E3} = {8F932826-2642-4059-B00B-1A71DCA3D248}
		{7E7C62A5-1117-45D8-BD4C-0EE5EED2E46D} = {8F932826-2642-4059-B00B-1A71DCA3D248}
		{C8AF0AA8-357A-41BF-8779-296C21BFDA82} = {8F932826-2642-4059-B00B-1A71DCA3D248}
		{CC5A5264-2FB5-4154-ACCD-D650A86FE68F} = {0989EE26-91F5-4626-A9F0-43BE48323941}
		{15EECA0F-98CC-48CC-9391-5AF788CF3625} = {C8AF0AA8-357A-41BF-8779-296C21BFDA82}
		{03B78E69-1F39-4CD0-A109-9E2C36D03CC7} = {7E7C62A5-1117-45D8-BD4C-0EE5EED2E46D}
		{129E6309-0084-4F9A-9A9E-3D50BA920AD3} = {1A7FB511-D2E2-4448-B9B6-562240C92225}
		{91BFC808-69BE-4082-B233-9F7C370FF096} = {8B2E5C00-D330-4465-A0F0-6E4E235022E3}
		{54A34494-F897-4A48-9D41-FEACB5D17C7A} = {8F932826-2642-4059-B00B-1A71DCA3D248}
		{21F5D3E1-50EA-4482-9FC4-50130FA0C70B} = {54A34494-F897-4A48-9D41-FEACB5D17C7A}
		{E60873D8-9899-4F92-B9F3-E6ABD2DEC06C} = {520FF5F1-4D64-490F-81F2-A5325A6B7895}
	EndGlobalSection
	GlobalSection(ExtensibilityGlobals) = postSolution
		SolutionGuid = {CDB2BF6E-CF12-4653-A909-9E897C156716}
	EndGlobalSection
EndGlobal
